
Microsoft Visual Studio Solution File, Format Version 12.00
# Visual Studio 15
VisualStudioVersion = 15.0.28307.421
MinimumVisualStudioVersion = 10.0.40219.1
Project("{00D1A9C2-B5F0-4AF3-8072-F6C62B433612}") = "LoansDb", "..\LoansDb\LoansDb.sqlproj", "{5E9DE0BC-F46A-436B-A59C-C9E5758FD9D4}"
EndProject
Project("{FAE04EC0-301F-11D3-BF4B-00C04F79EFBC}") = "LoansApi", "LoansApi\LoansApi.csproj", "{4F1EE957-7E06-4DA4-A16A-32BD59834F35}"
EndProject
Global
	GlobalSection(SolutionConfigurationPlatforms) = preSolution
		Debug|Any CPU = Debug|Any CPU
		Release|Any CPU = Release|Any CPU
	EndGlobalSection
	GlobalSection(ProjectConfigurationPlatforms) = postSolution
		{5E9DE0BC-F46A-436B-A59C-C9E5758FD9D4}.Debug|Any CPU.ActiveCfg = Debug|Any CPU
		{5E9DE0BC-F46A-436B-A59C-C9E5758FD9D4}.Debug|Any CPU.Build.0 = Debug|Any CPU
		{5E9DE0BC-F46A-436B-A59C-C9E5758FD9D4}.Debug|Any CPU.Deploy.0 = Debug|Any CPU
		{5E9DE0BC-F46A-436B-A59C-C9E5758FD9D4}.Release|Any CPU.ActiveCfg = Release|Any CPU
		{5E9DE0BC-F46A-436B-A59C-C9E5758FD9D4}.Release|Any CPU.Build.0 = Release|Any CPU
		{5E9DE0BC-F46A-436B-A59C-C9E5758FD9D4}.Release|Any CPU.Deploy.0 = Release|Any CPU
		{4F1EE957-7E06-4DA4-A16A-32BD59834F35}.Debug|Any CPU.ActiveCfg = Debug|Any CPU
		{4F1EE957-7E06-4DA4-A16A-32BD59834F35}.Debug|Any CPU.Build.0 = Debug|Any CPU
		{4F1EE957-7E06-4DA4-A16A-32BD59834F35}.Release|Any CPU.ActiveCfg = Release|Any CPU
		{4F1EE957-7E06-4DA4-A16A-32BD59834F35}.Release|Any CPU.Build.0 = Release|Any CPU
	EndGlobalSection
	GlobalSection(SolutionProperties) = preSolution
		HideSolutionNode = FALSE
	EndGlobalSection
	GlobalSection(ExtensibilityGlobals) = postSolution
		SolutionGuid = {4EE1432B-4F90-4E4A-8EFA-DA18C6D41A71}
	EndGlobalSection
EndGlobal
